
Microsoft Visual Studio Solution File, Format Version 12.00
# Visual Studio Version 16
VisualStudioVersion = 16.0.30711.63
MinimumVisualStudioVersion = 10.0.40219.1
Project("{FAE04EC0-301F-11D3-BF4B-00C04F79EFBC}") = "entities", "entities\entities.csproj", "{D08E1111-9CC9-43D5-B13D-0EAD274D4F64}"
EndProject
Project("{FAE04EC0-301F-11D3-BF4B-00C04F79EFBC}") = "dotnet", "dotnet\dotnet.csproj", "{EBC83607-410C-484D-8EDA-54E745489DFF}"
EndProject
Global
	GlobalSection(SolutionConfigurationPlatforms) = preSolution
		Debug|Any CPU = Debug|Any CPU
		Release|Any CPU = Release|Any CPU
	EndGlobalSection
	GlobalSection(ProjectConfigurationPlatforms) = postSolution
		{D08E1111-9CC9-43D5-B13D-0EAD274D4F64}.Debug|Any CPU.ActiveCfg = Debug|Any CPU
		{D08E1111-9CC9-43D5-B13D-0EAD274D4F64}.Debug|Any CPU.Build.0 = Debug|Any CPU
		{D08E1111-9CC9-43D5-B13D-0EAD274D4F64}.Release|Any CPU.ActiveCfg = Release|Any CPU
		{D08E1111-9CC9-43D5-B13D-0EAD274D4F64}.Release|Any CPU.Build.0 = Release|Any CPU
		{EBC83607-410C-484D-8EDA-54E745489DFF}.Debug|Any CPU.ActiveCfg = Debug|Any CPU
		{EBC83607-410C-484D-8EDA-54E745489DFF}.Debug|Any CPU.Build.0 = Debug|Any CPU
		{EBC83607-410C-484D-8EDA-54E745489DFF}.Release|Any CPU.ActiveCfg = Release|Any CPU
		{EBC83607-410C-484D-8EDA-54E745489DFF}.Release|Any CPU.Build.0 = Release|Any CPU
	EndGlobalSection
	GlobalSection(SolutionProperties) = preSolution
		HideSolutionNode = FALSE
	EndGlobalSection
	GlobalSection(ExtensibilityGlobals) = postSolution
		SolutionGuid = {0047AF4C-963E-4289-8ACF-72ACD203FA9B}
	EndGlobalSection
EndGlobal
